
Microsoft Visual Studio Solution File, Format Version 12.00
# Visual Studio Version 17
VisualStudioVersion = 17.6.33829.357
MinimumVisualStudioVersion = 10.0.40219.1
Project("{FAE04EC0-301F-11D3-BF4B-00C04F79EFBC}") = "CapapPresentacionAdmin", "CapapPresentacionAdmin\CapapPresentacionAdmin.csproj", "{875B297A-8EE2-4437-BCBD-103389B547F1}"
EndProject
Project("{FAE04EC0-301F-11D3-BF4B-00C04F79EFBC}") = "CapaPresentacionTienda", "CapaPresentacionTienda\CapaPresentacionTienda.csproj", "{9ABBE7E4-ACB8-4B15-8009-BCF4A2B5DADA}"
EndProject
Project("{FAE04EC0-301F-11D3-BF4B-00C04F79EFBC}") = "CapaDatos", "CapaDatos\CapaDatos.csproj", "{2FB8FB25-04EC-4B95-87CB-8983D6709D02}"
EndProject
Project("{FAE04EC0-301F-11D3-BF4B-00C04F79EFBC}") = "CapaEntidad", "CapaEntidad\CapaEntidad.csproj", "{D0382B2F-97B1-4D6C-B54F-1E0F036D06EB}"
EndProject
Project("{FAE04EC0-301F-11D3-BF4B-00C04F79EFBC}") = "CapaNegocio", "CapaNegocio\CapaNegocio.csproj", "{9D60053F-D3FF-4B0C-AE3F-7F66CE6BBDB9}"
EndProject
Global
	GlobalSection(SolutionConfigurationPlatforms) = preSolution
		Debug|Any CPU = Debug|Any CPU
		Release|Any CPU = Release|Any CPU
	EndGlobalSection
	GlobalSection(ProjectConfigurationPlatforms) = postSolution
		{875B297A-8EE2-4437-BCBD-103389B547F1}.Debug|Any CPU.ActiveCfg = Debug|Any CPU
		{875B297A-8EE2-4437-BCBD-103389B547F1}.Debug|Any CPU.Build.0 = Debug|Any CPU
		{875B297A-8EE2-4437-BCBD-103389B547F1}.Release|Any CPU.ActiveCfg = Release|Any CPU
		{875B297A-8EE2-4437-BCBD-103389B547F1}.Release|Any CPU.Build.0 = Release|Any CPU
		{9ABBE7E4-ACB8-4B15-8009-BCF4A2B5DADA}.Debug|Any CPU.ActiveCfg = Debug|Any CPU
		{9ABBE7E4-ACB8-4B15-8009-BCF4A2B5DADA}.Debug|Any CPU.Build.0 = Debug|Any CPU
		{9ABBE7E4-ACB8-4B15-8009-BCF4A2B5DADA}.Release|Any CPU.ActiveCfg = Release|Any CPU
		{9ABBE7E4-ACB8-4B15-8009-BCF4A2B5DADA}.Release|Any CPU.Build.0 = Release|Any CPU
		{2FB8FB25-04EC-4B95-87CB-8983D6709D02}.Debug|Any CPU.ActiveCfg = Debug|Any CPU
		{2FB8FB25-04EC-4B95-87CB-8983D6709D02}.Debug|Any CPU.Build.0 = Debug|Any CPU
		{2FB8FB25-04EC-4B95-87CB-8983D6709D02}.Release|Any CPU.ActiveCfg = Release|Any CPU
		{2FB8FB25-04EC-4B95-87CB-8983D6709D02}.Release|Any CPU.Build.0 = Release|Any CPU
		{D0382B2F-97B1-4D6C-B54F-1E0F036D06EB}.Debug|Any CPU.ActiveCfg = Debug|Any CPU
		{D0382B2F-97B1-4D6C-B54F-1E0F036D06EB}.Debug|Any CPU.Build.0 = Debug|Any CPU
		{D0382B2F-97B1-4D6C-B54F-1E0F036D06EB}.Release|Any CPU.ActiveCfg = Release|Any CPU
		{D0382B2F-97B1-4D6C-B54F-1E0F036D06EB}.Release|Any CPU.Build.0 = Release|Any CPU
		{9D60053F-D3FF-4B0C-AE3F-7F66CE6BBDB9}.Debug|Any CPU.ActiveCfg = Debug|Any CPU
		{9D60053F-D3FF-4B0C-AE3F-7F66CE6BBDB9}.Debug|Any CPU.Build.0 = Debug|Any CPU
		{9D60053F-D3FF-4B0C-AE3F-7F66CE6BBDB9}.Release|Any CPU.ActiveCfg = Release|Any CPU
		{9D60053F-D3FF-4B0C-AE3F-7F66CE6BBDB9}.Release|Any CPU.Build.0 = Release|Any CPU
	EndGlobalSection
	GlobalSection(SolutionProperties) = preSolution
		HideSolutionNode = FALSE
	EndGlobalSection
	GlobalSection(ExtensibilityGlobals) = postSolution
		SolutionGuid = {82C04CEE-895D-439E-BFFD-DE5A4836DEBB}
	EndGlobalSection
EndGlobal
